
Microsoft Visual Studio Solution File, Format Version 12.00
# Visual Studio Version 16
VisualStudioVersion = 16.0.32106.194
MinimumVisualStudioVersion = 10.0.40219.1
Project("{FAE04EC0-301F-11D3-BF4B-00C04F79EFBC}") = "ExamenCodisa", "ExamenCodisa\ExamenCodisa.csproj", "{6129EBBD-36DD-42C6-9B8A-B89532A3265C}"
EndProject
Global
	GlobalSection(SolutionConfigurationPlatforms) = preSolution
		Debug|Any CPU = Debug|Any CPU
		Release|Any CPU = Release|Any CPU
	EndGlobalSection
	GlobalSection(ProjectConfigurationPlatforms) = postSolution
		{6129EBBD-36DD-42C6-9B8A-B89532A3265C}.Debug|Any CPU.ActiveCfg = Debug|Any CPU
		{6129EBBD-36DD-42C6-9B8A-B89532A3265C}.Debug|Any CPU.Build.0 = Debug|Any CPU
		{6129EBBD-36DD-42C6-9B8A-B89532A3265C}.Release|Any CPU.ActiveCfg = Release|Any CPU
		{6129EBBD-36DD-42C6-9B8A-B89532A3265C}.Release|Any CPU.Build.0 = Release|Any CPU
	EndGlobalSection
	GlobalSection(SolutionProperties) = preSolution
		HideSolutionNode = FALSE
	EndGlobalSection
	GlobalSection(ExtensibilityGlobals) = postSolution
		SolutionGuid = {93AB3E92-186F-474B-84BA-BC18D28223DC}
	EndGlobalSection
EndGlobal
